
Microsoft Visual Studio Solution File, Format Version 12.00
# Visual Studio Version 16
VisualStudioVersion = 16.0.31515.178
MinimumVisualStudioVersion = 10.0.40219.1
Project("{FAE04EC0-301F-11D3-BF4B-00C04F79EFBC}") = "BookingHotelApp", "BookingHotelApp\BookingHotelApp.csproj", "{0B1AD121-3583-4440-B1AA-4E4E85C6E83B}"
EndProject
Global
	GlobalSection(SolutionConfigurationPlatforms) = preSolution
		Debug|Any CPU = Debug|Any CPU
		Release|Any CPU = Release|Any CPU
	EndGlobalSection
	GlobalSection(ProjectConfigurationPlatforms) = postSolution
		{0B1AD121-3583-4440-B1AA-4E4E85C6E83B}.Debug|Any CPU.ActiveCfg = Debug|Any CPU
		{0B1AD121-3583-4440-B1AA-4E4E85C6E83B}.Debug|Any CPU.Build.0 = Debug|Any CPU
		{0B1AD121-3583-4440-B1AA-4E4E85C6E83B}.Release|Any CPU.ActiveCfg = Release|Any CPU
		{0B1AD121-3583-4440-B1AA-4E4E85C6E83B}.Release|Any CPU.Build.0 = Release|Any CPU
	EndGlobalSection
	GlobalSection(SolutionProperties) = preSolution
		HideSolutionNode = FALSE
	EndGlobalSection
	GlobalSection(ExtensibilityGlobals) = postSolution
		SolutionGuid = {F75E1C93-FBCE-4842-9820-B54738A693C9}
	EndGlobalSection
EndGlobal
